
Microsoft Visual Studio Solution File, Format Version 12.00
# Visual Studio Version 17
VisualStudioVersion = 17.8.34525.116
MinimumVisualStudioVersion = 10.0.40219.1
Project("{9A19103F-16F7-4668-BE54-9A1E7A4F7556}") = "SalesWebMVC", "SalesWebMVC\SalesWebMVC.csproj", "{C09EF31C-50FC-4D3B-BC2D-762A214D3804}"
EndProject
Global
	GlobalSection(SolutionConfigurationPlatforms) = preSolution
		Debug|Any CPU = Debug|Any CPU
		Release|Any CPU = Release|Any CPU
	EndGlobalSection
	GlobalSection(ProjectConfigurationPlatforms) = postSolution
		{C09EF31C-50FC-4D3B-BC2D-762A214D3804}.Debug|Any CPU.ActiveCfg = Debug|Any CPU
		{C09EF31C-50FC-4D3B-BC2D-762A214D3804}.Debug|Any CPU.Build.0 = Debug|Any CPU
		{C09EF31C-50FC-4D3B-BC2D-762A214D3804}.Release|Any CPU.ActiveCfg = Release|Any CPU
		{C09EF31C-50FC-4D3B-BC2D-762A214D3804}.Release|Any CPU.Build.0 = Release|Any CPU
	EndGlobalSection
	GlobalSection(SolutionProperties) = preSolution
		HideSolutionNode = FALSE
	EndGlobalSection
	GlobalSection(ExtensibilityGlobals) = postSolution
		SolutionGuid = {CACD94DF-F39E-4235-A078-63D11E1BAC6E}
	EndGlobalSection
EndGlobal
